// !$*UTF8*$!
{
	archiveVersion = 1;
	classes = {
	};
	objectVersion = 46;
	objects = {

/* Begin PBXBuildFile section */
		BD14252518A1C0A400E3CFB3 /* floatwatch.h in Headers */ = {isa = PBXBuildFile; fileRef = BD14252118A1C0A400E3CFB3 /* floatwatch.h */; };
		BD14252618A1C0A400E3CFB3 /* util_random.h in Headers */ = {isa = PBXBuildFile; fileRef = BD14252218A1C0A400E3CFB3 /* util_random.h */; };
		BD14252718A1C0A400E3CFB3 /* variant.cpp in Sources */ = {isa = PBXBuildFile; fileRef = BD14252318A1C0A400E3CFB3 /* variant.cpp */; };
		BD14252818A1C0A400E3CFB3 /* variant.h in Headers */ = {isa = PBXBuildFile; fileRef = BD14252418A1C0A400E3CFB3 /* variant.h */; };
		BD1FACC3188BAFDA001B76BE /* debug.cpp in Sources */ = {isa = PBXBuildFile; fileRef = BD1FACC1188BAFDA001B76BE /* debug.cpp */; };
		BD1FACC4188BAFDA001B76BE /* debug.h in Headers */ = {isa = PBXBuildFile; fileRef = BD1FACC2188BAFDA001B76BE /* debug.h */; };
		BD1FACC6188BB053001B76BE /* CoreFoundation.framework in Frameworks */ = {isa = PBXBuildFile; fileRef = BD1FACC5188BB053001B76BE /* CoreFoundation.framework */; };
		BD1FACC9188BB06A001B76BE /* memory_pool.cpp in Sources */ = {isa = PBXBuildFile; fileRef = BD1FACC7188BB06A001B76BE /* memory_pool.cpp */; };
		BD1FACCA188BB06A001B76BE /* memory_pool.h in Headers */ = {isa = PBXBuildFile; fileRef = BD1FACC8188BB06A001B76BE /* memory_pool.h */; };
		BD1FACD2188DF0D0001B76BE /* string_pointer.h in Headers */ = {isa = PBXBuildFile; fileRef = BD1FACCF188DF0D0001B76BE /* string_pointer.h */; };
		BD1FACD3188DF0D0001B76BE /* string_pool.cpp in Sources */ = {isa = PBXBuildFile; fileRef = BD1FACD0188DF0D0001B76BE /* string_pool.cpp */; };
		BD1FACD4188DF0D0001B76BE /* string_pool.h in Headers */ = {isa = PBXBuildFile; fileRef = BD1FACD1188DF0D0001B76BE /* string_pool.h */; };
		BD1FACDA1890E1D1001B76BE /* memory_bucket.cpp in Sources */ = {isa = PBXBuildFile; fileRef = BD1FACD81890E1D1001B76BE /* memory_bucket.cpp */; };
		BD1FACDB1890E1D1001B76BE /* memory_bucket.h in Headers */ = {isa = PBXBuildFile; fileRef = BD1FACD91890E1D1001B76BE /* memory_bucket.h */; };
		BD33303518A39A3E0085E98A /* logging.cpp in Sources */ = {isa = PBXBuildFile; fileRef = BD33303318A39A3E0085E98A /* logging.cpp */; };
		BD33303618A39A3E0085E98A /* logging.h in Headers */ = {isa = PBXBuildFile; fileRef = BD33303418A39A3E0085E98A /* logging.h */; };
		BDABF2D518A2CD8700E86A29 /* data_networkpack.cpp in Sources */ = {isa = PBXBuildFile; fileRef = BDABF2CF18A2CD8700E86A29 /* data_networkpack.cpp */; };
		BDABF2D618A2CD8700E86A29 /* data_networkpack.h in Headers */ = {isa = PBXBuildFile; fileRef = BDABF2D018A2CD8700E86A29 /* data_networkpack.h */; };
		BDABF2D718A2CD8700E86A29 /* data_networkunpack.cpp in Sources */ = {isa = PBXBuildFile; fileRef = BDABF2D118A2CD8700E86A29 /* data_networkunpack.cpp */; };
		BDABF2D818A2CD8700E86A29 /* data_networkunpack.h in Headers */ = {isa = PBXBuildFile; fileRef = BDABF2D218A2CD8700E86A29 /* data_networkunpack.h */; };
		BDABF2E118A2D29300E86A29 /* data_factory.cpp in Sources */ = {isa = PBXBuildFile; fileRef = BDABF2DF18A2D29300E86A29 /* data_factory.cpp */; };
		BDABF2E218A2D29300E86A29 /* data_factory.h in Headers */ = {isa = PBXBuildFile; fileRef = BDABF2E018A2D29300E86A29 /* data_factory.h */; };
		BDABF2E518A2D2BB00E86A29 /* data_mappable.cpp in Sources */ = {isa = PBXBuildFile; fileRef = BDABF2E318A2D2BB00E86A29 /* data_mappable.cpp */; };
		BDABF2E618A2D2BB00E86A29 /* data_mappable.h in Headers */ = {isa = PBXBuildFile; fileRef = BDABF2E418A2D2BB00E86A29 /* data_mappable.h */; };
		BDABF2EE18A2E14F00E86A29 /* interfaces.cpp in Sources */ = {isa = PBXBuildFile; fileRef = BDABF2EC18A2E14F00E86A29 /* interfaces.cpp */; };
		BDABF2EF18A2E14F00E86A29 /* interfaces.h in Headers */ = {isa = PBXBuildFile; fileRef = BDABF2ED18A2E14F00E86A29 /* interfaces.h */; };
		BDB9FA9518A1C7F80049A361 /* util_perf_timer.h in Headers */ = {isa = PBXBuildFile; fileRef = BDB9FA9118A1C7F80049A361 /* util_perf_timer.h */; };
		BDB9FA9618A1C7F80049A361 /* util_simple_timer.h in Headers */ = {isa = PBXBuildFile; fileRef = BDB9FA9218A1C7F80049A361 /* util_simple_timer.h */; };
		BDB9FA9718A1C7F80049A361 /* util_time.cpp in Sources */ = {isa = PBXBuildFile; fileRef = BDB9FA9318A1C7F80049A361 /* util_time.cpp */; };
		BDB9FA9818A1C7F80049A361 /* util_time.h in Headers */ = {isa = PBXBuildFile; fileRef = BDB9FA9418A1C7F80049A361 /* util_time.h */; };
		BDB9FA9B18A1C8050049A361 /* util_thread.cpp in Sources */ = {isa = PBXBuildFile; fileRef = BDB9FA9918A1C8050049A361 /* util_thread.cpp */; };
		BDB9FA9C18A1C8050049A361 /* util_thread.h in Headers */ = {isa = PBXBuildFile; fileRef = BDB9FA9A18A1C8050049A361 /* util_thread.h */; };
		BDB9FAA318A1C8100049A361 /* util_filepath.cpp in Sources */ = {isa = PBXBuildFile; fileRef = BDB9FA9D18A1C8100049A361 /* util_filepath.cpp */; };
		BDB9FAA418A1C8100049A361 /* util_filepath.h in Headers */ = {isa = PBXBuildFile; fileRef = BDB9FA9E18A1C8100049A361 /* util_filepath.h */; };
		BDB9FAA518A1C8100049A361 /* string_helpers.cpp in Sources */ = {isa = PBXBuildFile; fileRef = BDB9FA9F18A1C8100049A361 /* string_helpers.cpp */; };
		BDB9FAA618A1C8100049A361 /* string_helpers.h in Headers */ = {isa = PBXBuildFile; fileRef = BDB9FAA018A1C8100049A361 /* string_helpers.h */; };
		BDB9FAA718A1C8100049A361 /* util_string.cpp in Sources */ = {isa = PBXBuildFile; fileRef = BDB9FAA118A1C8100049A361 /* util_string.cpp */; };
		BDB9FAA818A1C8100049A361 /* util_string.h in Headers */ = {isa = PBXBuildFile; fileRef = BDB9FAA218A1C8100049A361 /* util_string.h */; };
		BDB9FAAD18A1C8210049A361 /* keyvalues.cpp in Sources */ = {isa = PBXBuildFile; fileRef = BDB9FAA918A1C8210049A361 /* keyvalues.cpp */; };
		BDB9FAAE18A1C8210049A361 /* keyvalues.h in Headers */ = {isa = PBXBuildFile; fileRef = BDB9FAAA18A1C8210049A361 /* keyvalues.h */; };
		BDB9FAAF18A1C8210049A361 /* lexer.cpp in Sources */ = {isa = PBXBuildFile; fileRef = BDB9FAAB18A1C8210049A361 /* lexer.cpp */; };
		BDB9FAB018A1C8210049A361 /* lexer.h in Headers */ = {isa = PBXBuildFile; fileRef = BDB9FAAC18A1C8210049A361 /* lexer.h */; };
		BDB9FAF318A24FDD0049A361 /* data_bits.h in Headers */ = {isa = PBXBuildFile; fileRef = BDB9FAE418A24FDD0049A361 /* data_bits.h */; };
		BDB9FAF418A24FDD0049A361 /* data_filepack.h in Headers */ = {isa = PBXBuildFile; fileRef = BDB9FAE518A24FDD0049A361 /* data_filepack.h */; };
		BDB9FAF718A24FDD0049A361 /* data_mapping.h in Headers */ = {isa = PBXBuildFile; fileRef = BDB9FAE818A24FDD0049A361 /* data_mapping.h */; };
		BDB9FAF818A24FDD0049A361 /* data_network_helpers.h in Headers */ = {isa = PBXBuildFile; fileRef = BDB9FAE918A24FDD0049A361 /* data_network_helpers.h */; };
		BDB9FAFD18A24FDD0049A361 /* data_pack.cpp in Sources */ = {isa = PBXBuildFile; fileRef = BDB9FAEE18A24FDD0049A361 /* data_pack.cpp */; };
		BDB9FAFE18A24FDD0049A361 /* data_pack.h in Headers */ = {isa = PBXBuildFile; fileRef = BDB9FAEF18A24FDD0049A361 /* data_pack.h */; };
		BDB9FB0118A24FDD0049A361 /* data_types.h in Headers */ = {isa = PBXBuildFile; fileRef = BDB9FAF218A24FDD0049A361 /* data_types.h */; };
		BDB9FB0518A250000049A361 /* binarytree.h in Headers */ = {isa = PBXBuildFile; fileRef = BDB9FB0218A250000049A361 /* binarytree.h */; };
		BDB9FB0618A250000049A361 /* treenodes.h in Headers */ = {isa = PBXBuildFile; fileRef = BDB9FB0318A250000049A361 /* treenodes.h */; };
		BDB9FB0718A250000049A361 /* util_vector.h in Headers */ = {isa = PBXBuildFile; fileRef = BDB9FB0418A250000049A361 /* util_vector.h */; };
		BDB9FB0A18A2508C0049A361 /* utilities.cpp in Sources */ = {isa = PBXBuildFile; fileRef = BDB9FB0818A2508C0049A361 /* utilities.cpp */; };
/* End PBXBuildFile section */

/* Begin PBXFileReference section */
		BD14252118A1C0A400E3CFB3 /* floatwatch.h */ = {isa = PBXFileReference; fileEncoding = 4; lastKnownFileType = sourcecode.c.h; name = floatwatch.h; path = common/floatwatch.h; sourceTree = "<group>"; };
		BD14252218A1C0A400E3CFB3 /* util_random.h */ = {isa = PBXFileReference; fileEncoding = 4; lastKnownFileType = sourcecode.c.h; name = util_random.h; path = common/util_random.h; sourceTree = "<group>"; };
		BD14252318A1C0A400E3CFB3 /* variant.cpp */ = {isa = PBXFileReference; fileEncoding = 4; lastKnownFileType = sourcecode.cpp.cpp; name = variant.cpp; path = common/variant.cpp; sourceTree = "<group>"; };
		BD14252418A1C0A400E3CFB3 /* variant.h */ = {isa = PBXFileReference; fileEncoding = 4; lastKnownFileType = sourcecode.c.h; name = variant.h; path = common/variant.h; sourceTree = "<group>"; };
		BD1FACBA188BAFAC001B76BE /* utilities.dylib */ = {isa = PBXFileReference; explicitFileType = "compiled.mach-o.dylib"; includeInIndex = 0; path = utilities.dylib; sourceTree = BUILT_PRODUCTS_DIR; };
		BD1FACC1188BAFDA001B76BE /* debug.cpp */ = {isa = PBXFileReference; fileEncoding = 4; lastKnownFileType = sourcecode.cpp.cpp; name = debug.cpp; path = common/debug.cpp; sourceTree = "<group>"; };
		BD1FACC2188BAFDA001B76BE /* debug.h */ = {isa = PBXFileReference; fileEncoding = 4; lastKnownFileType = sourcecode.c.h; name = debug.h; path = common/debug.h; sourceTree = "<group>"; };
		BD1FACC5188BB053001B76BE /* CoreFoundation.framework */ = {isa = PBXFileReference; lastKnownFileType = wrapper.framework; name = CoreFoundation.framework; path = System/Library/Frameworks/CoreFoundation.framework; sourceTree = SDKROOT; };
		BD1FACC7188BB06A001B76BE /* memory_pool.cpp */ = {isa = PBXFileReference; fileEncoding = 4; lastKnownFileType = sourcecode.cpp.cpp; name = memory_pool.cpp; path = memory/memory_pool.cpp; sourceTree = "<group>"; };
		BD1FACC8188BB06A001B76BE /* memory_pool.h */ = {isa = PBXFileReference; fileEncoding = 4; lastKnownFileType = sourcecode.c.h; name = memory_pool.h; path = memory/memory_pool.h; sourceTree = "<group>"; };
		BD1FACCF188DF0D0001B76BE /* string_pointer.h */ = {isa = PBXFileReference; fileEncoding = 4; lastKnownFileType = sourcecode.c.h; name = string_pointer.h; path = string/string_pointer.h; sourceTree = "<group>"; };
		BD1FACD0188DF0D0001B76BE /* string_pool.cpp */ = {isa = PBXFileReference; fileEncoding = 4; lastKnownFileType = sourcecode.cpp.cpp; name = string_pool.cpp; path = string/string_pool.cpp; sourceTree = "<group>"; };
		BD1FACD1188DF0D0001B76BE /* string_pool.h */ = {isa = PBXFileReference; fileEncoding = 4; lastKnownFileType = sourcecode.c.h; name = string_pool.h; path = string/string_pool.h; sourceTree = "<group>"; };
		BD1FACD7188DF2AE001B76BE /* memory_interface.h */ = {isa = PBXFileReference; lastKnownFileType = sourcecode.c.h; name = memory_interface.h; path = memory/memory_interface.h; sourceTree = "<group>"; };
		BD1FACD81890E1D1001B76BE /* memory_bucket.cpp */ = {isa = PBXFileReference; fileEncoding = 4; lastKnownFileType = sourcecode.cpp.cpp; name = memory_bucket.cpp; path = memory/memory_bucket.cpp; sourceTree = "<group>"; };
		BD1FACD91890E1D1001B76BE /* memory_bucket.h */ = {isa = PBXFileReference; fileEncoding = 4; lastKnownFileType = sourcecode.c.h; name = memory_bucket.h; path = memory/memory_bucket.h; sourceTree = "<group>"; };
		BD33303318A39A3E0085E98A /* logging.cpp */ = {isa = PBXFileReference; fileEncoding = 4; lastKnownFileType = sourcecode.cpp.cpp; path = logging.cpp; sourceTree = "<group>"; };
		BD33303418A39A3E0085E98A /* logging.h */ = {isa = PBXFileReference; fileEncoding = 4; lastKnownFileType = sourcecode.c.h; path = logging.h; sourceTree = "<group>"; };
		BDABF2CF18A2CD8700E86A29 /* data_networkpack.cpp */ = {isa = PBXFileReference; fileEncoding = 4; lastKnownFileType = sourcecode.cpp.cpp; name = data_networkpack.cpp; path = data/data_networkpack.cpp; sourceTree = "<group>"; };
		BDABF2D018A2CD8700E86A29 /* data_networkpack.h */ = {isa = PBXFileReference; fileEncoding = 4; lastKnownFileType = sourcecode.c.h; name = data_networkpack.h; path = data/data_networkpack.h; sourceTree = "<group>"; };
		BDABF2D118A2CD8700E86A29 /* data_networkunpack.cpp */ = {isa = PBXFileReference; fileEncoding = 4; lastKnownFileType = sourcecode.cpp.cpp; name = data_networkunpack.cpp; path = data/data_networkunpack.cpp; sourceTree = "<group>"; };
		BDABF2D218A2CD8700E86A29 /* data_networkunpack.h */ = {isa = PBXFileReference; fileEncoding = 4; lastKnownFileType = sourcecode.c.h; name = data_networkunpack.h; path = data/data_networkunpack.h; sourceTree = "<group>"; };
		BDABF2DF18A2D29300E86A29 /* data_factory.cpp */ = {isa = PBXFileReference; fileEncoding = 4; lastKnownFileType = sourcecode.cpp.cpp; name = data_factory.cpp; path = data/data_factory.cpp; sourceTree = "<group>"; };
		BDABF2E018A2D29300E86A29 /* data_factory.h */ = {isa = PBXFileReference; fileEncoding = 4; lastKnownFileType = sourcecode.c.h; name = data_factory.h; path = data/data_factory.h; sourceTree = "<group>"; };
		BDABF2E318A2D2BB00E86A29 /* data_mappable.cpp */ = {isa = PBXFileReference; fileEncoding = 4; lastKnownFileType = sourcecode.cpp.cpp; name = data_mappable.cpp; path = data/data_mappable.cpp; sourceTree = "<group>"; };
		BDABF2E418A2D2BB00E86A29 /* data_mappable.h */ = {isa = PBXFileReference; fileEncoding = 4; lastKnownFileType = sourcecode.c.h; name = data_mappable.h; path = data/data_mappable.h; sourceTree = "<group>"; };
		BDABF2EC18A2E14F00E86A29 /* interfaces.cpp */ = {isa = PBXFileReference; fileEncoding = 4; lastKnownFileType = sourcecode.cpp.cpp; name = interfaces.cpp; path = interfaces/interfaces.cpp; sourceTree = "<group>"; };
		BDABF2ED18A2E14F00E86A29 /* interfaces.h */ = {isa = PBXFileReference; fileEncoding = 4; lastKnownFileType = sourcecode.c.h; name = interfaces.h; path = interfaces/interfaces.h; sourceTree = "<group>"; };
		BDB9FA9118A1C7F80049A361 /* util_perf_timer.h */ = {isa = PBXFileReference; fileEncoding = 4; lastKnownFileType = sourcecode.c.h; name = util_perf_timer.h; path = time/util_perf_timer.h; sourceTree = "<group>"; };
		BDB9FA9218A1C7F80049A361 /* util_simple_timer.h */ = {isa = PBXFileReference; fileEncoding = 4; lastKnownFileType = sourcecode.c.h; name = util_simple_timer.h; path = time/util_simple_timer.h; sourceTree = "<group>"; };
		BDB9FA9318A1C7F80049A361 /* util_time.cpp */ = {isa = PBXFileReference; fileEncoding = 4; lastKnownFileType = sourcecode.cpp.cpp; name = util_time.cpp; path = time/util_time.cpp; sourceTree = "<group>"; };
		BDB9FA9418A1C7F80049A361 /* util_time.h */ = {isa = PBXFileReference; fileEncoding = 4; lastKnownFileType = sourcecode.c.h; name = util_time.h; path = time/util_time.h; sourceTree = "<group>"; };
		BDB9FA9918A1C8050049A361 /* util_thread.cpp */ = {isa = PBXFileReference; fileEncoding = 4; lastKnownFileType = sourcecode.cpp.cpp; name = util_thread.cpp; path = threading/util_thread.cpp; sourceTree = "<group>"; };
		BDB9FA9A18A1C8050049A361 /* util_thread.h */ = {isa = PBXFileReference; fileEncoding = 4; lastKnownFileType = sourcecode.c.h; name = util_thread.h; path = threading/util_thread.h; sourceTree = "<group>"; };
		BDB9FA9D18A1C8100049A361 /* util_filepath.cpp */ = {isa = PBXFileReference; fileEncoding = 4; lastKnownFileType = sourcecode.cpp.cpp; name = util_filepath.cpp; path = string/util_filepath.cpp; sourceTree = "<group>"; };
		BDB9FA9E18A1C8100049A361 /* util_filepath.h */ = {isa = PBXFileReference; fileEncoding = 4; lastKnownFileType = sourcecode.c.h; name = util_filepath.h; path = string/util_filepath.h; sourceTree = "<group>"; };
		BDB9FA9F18A1C8100049A361 /* string_helpers.cpp */ = {isa = PBXFileReference; fileEncoding = 4; lastKnownFileType = sourcecode.cpp.cpp; name = string_helpers.cpp; path = string/string_helpers.cpp; sourceTree = "<group>"; };
		BDB9FAA018A1C8100049A361 /* string_helpers.h */ = {isa = PBXFileReference; fileEncoding = 4; lastKnownFileType = sourcecode.c.h; name = string_helpers.h; path = string/string_helpers.h; sourceTree = "<group>"; };
		BDB9FAA118A1C8100049A361 /* util_string.cpp */ = {isa = PBXFileReference; fileEncoding = 4; lastKnownFileType = sourcecode.cpp.cpp; name = util_string.cpp; path = string/util_string.cpp; sourceTree = "<group>"; };
		BDB9FAA218A1C8100049A361 /* util_string.h */ = {isa = PBXFileReference; fileEncoding = 4; lastKnownFileType = sourcecode.c.h; name = util_string.h; path = string/util_string.h; sourceTree = "<group>"; };
		BDB9FAA918A1C8210049A361 /* keyvalues.cpp */ = {isa = PBXFileReference; fileEncoding = 4; lastKnownFileType = sourcecode.cpp.cpp; name = keyvalues.cpp; path = script/keyvalues.cpp; sourceTree = "<group>"; };
		BDB9FAAA18A1C8210049A361 /* keyvalues.h */ = {isa = PBXFileReference; fileEncoding = 4; lastKnownFileType = sourcecode.c.h; name = keyvalues.h; path = script/keyvalues.h; sourceTree = "<group>"; };
		BDB9FAAB18A1C8210049A361 /* lexer.cpp */ = {isa = PBXFileReference; fileEncoding = 4; lastKnownFileType = sourcecode.cpp.cpp; name = lexer.cpp; path = script/lexer.cpp; sourceTree = "<group>"; };
		BDB9FAAC18A1C8210049A361 /* lexer.h */ = {isa = PBXFileReference; fileEncoding = 4; lastKnownFileType = sourcecode.c.h; name = lexer.h; path = script/lexer.h; sourceTree = "<group>"; };
		BDB9FAE418A24FDD0049A361 /* data_bits.h */ = {isa = PBXFileReference; fileEncoding = 4; lastKnownFileType = sourcecode.c.h; name = data_bits.h; path = data/data_bits.h; sourceTree = "<group>"; };
		BDB9FAE518A24FDD0049A361 /* data_filepack.h */ = {isa = PBXFileReference; fileEncoding = 4; lastKnownFileType = sourcecode.c.h; name = data_filepack.h; path = data/data_filepack.h; sourceTree = "<group>"; };
		BDB9FAE818A24FDD0049A361 /* data_mapping.h */ = {isa = PBXFileReference; fileEncoding = 4; lastKnownFileType = sourcecode.c.h; name = data_mapping.h; path = data/data_mapping.h; sourceTree = "<group>"; };
		BDB9FAE918A24FDD0049A361 /* data_network_helpers.h */ = {isa = PBXFileReference; fileEncoding = 4; lastKnownFileType = sourcecode.c.h; name = data_network_helpers.h; path = data/data_network_helpers.h; sourceTree = "<group>"; };
		BDB9FAEE18A24FDD0049A361 /* data_pack.cpp */ = {isa = PBXFileReference; fileEncoding = 4; lastKnownFileType = sourcecode.cpp.cpp; name = data_pack.cpp; path = data/data_pack.cpp; sourceTree = "<group>"; };
		BDB9FAEF18A24FDD0049A361 /* data_pack.h */ = {isa = PBXFileReference; fileEncoding = 4; lastKnownFileType = sourcecode.c.h; name = data_pack.h; path = data/data_pack.h; sourceTree = "<group>"; };
		BDB9FAF218A24FDD0049A361 /* data_types.h */ = {isa = PBXFileReference; fileEncoding = 4; lastKnownFileType = sourcecode.c.h; name = data_types.h; path = data/data_types.h; sourceTree = "<group>"; };
		BDB9FB0218A250000049A361 /* binarytree.h */ = {isa = PBXFileReference; fileEncoding = 4; lastKnownFileType = sourcecode.c.h; name = binarytree.h; path = container/binarytree.h; sourceTree = "<group>"; };
		BDB9FB0318A250000049A361 /* treenodes.h */ = {isa = PBXFileReference; fileEncoding = 4; lastKnownFileType = sourcecode.c.h; name = treenodes.h; path = container/treenodes.h; sourceTree = "<group>"; };
		BDB9FB0418A250000049A361 /* util_vector.h */ = {isa = PBXFileReference; fileEncoding = 4; lastKnownFileType = sourcecode.c.h; name = util_vector.h; path = container/util_vector.h; sourceTree = "<group>"; };
		BDB9FB0818A2508C0049A361 /* utilities.cpp */ = {isa = PBXFileReference; fileEncoding = 4; lastKnownFileType = sourcecode.cpp.cpp; path = utilities.cpp; sourceTree = "<group>"; };
/* End PBXFileReference section */

/* Begin PBXFrameworksBuildPhase section */
		BD1FACB7188BAFAC001B76BE /* Frameworks */ = {
			isa = PBXFrameworksBuildPhase;
			buildActionMask = 2147483647;
			files = (
				BD1FACC6188BB053001B76BE /* CoreFoundation.framework in Frameworks */,
			);
			runOnlyForDeploymentPostprocessing = 0;
		};
/* End PBXFrameworksBuildPhase section */

/* Begin PBXGroup section */
		BD1FACB1188BAFAC001B76BE = {
			isa = PBXGroup;
			children = (
				BDABF2EB18A2E14300E86A29 /* Interfaces */,
				BDB9FA9018A1C7B70049A361 /* Time */,
				BDB9FA8F18A1C7B10049A361 /* Threading */,
				BDB9FA8E18A1C7AB0049A361 /* String */,
				BDB9FA8D18A1C7A30049A361 /* Script */,
				BDB9FA8C18A1C79C0049A361 /* Memory */,
				BDB9FA8B18A1C7940049A361 /* Hashing */,
				BDB9FA8A18A1C78E0049A361 /* Data */,
				BD1FACD5188DF0D7001B76BE /* Common */,
				BDB9FA8918A1C77B0049A361 /* Container */,
				BD1FACCB188BB071001B76BE /* Frameworks */,
				BD1FACBB188BAFAC001B76BE /* Products */,
				BDB9FB0818A2508C0049A361 /* utilities.cpp */,
				BD33303318A39A3E0085E98A /* logging.cpp */,
				BD33303418A39A3E0085E98A /* logging.h */,
				BD1FACC1188BAFDA001B76BE /* debug.cpp */,
				BD1FACC2188BAFDA001B76BE /* debug.h */,
			);
			sourceTree = "<group>";
		};
		BD1FACBB188BAFAC001B76BE /* Products */ = {
			isa = PBXGroup;
			children = (
				BD1FACBA188BAFAC001B76BE /* utilities.dylib */,
			);
			name = Products;
			sourceTree = "<group>";
		};
		BD1FACCB188BB071001B76BE /* Frameworks */ = {
			isa = PBXGroup;
			children = (
				BD1FACC5188BB053001B76BE /* CoreFoundation.framework */,
			);
			name = Frameworks;
			sourceTree = "<group>";
		};
		BD1FACD5188DF0D7001B76BE /* Common */ = {
			isa = PBXGroup;
			children = (
				BD14252118A1C0A400E3CFB3 /* floatwatch.h */,
				BD14252218A1C0A400E3CFB3 /* util_random.h */,
				BD14252318A1C0A400E3CFB3 /* variant.cpp */,
				BD14252418A1C0A400E3CFB3 /* variant.h */,
			);
			name = Common;
			sourceTree = "<group>";
		};
		BDABF2EB18A2E14300E86A29 /* Interfaces */ = {
			isa = PBXGroup;
			children = (
				BDABF2EC18A2E14F00E86A29 /* interfaces.cpp */,
				BDABF2ED18A2E14F00E86A29 /* interfaces.h */,
			);
			name = Interfaces;
			sourceTree = "<group>";
		};
		BDB9FA8918A1C77B0049A361 /* Container */ = {
			isa = PBXGroup;
			children = (
				BDB9FB0218A250000049A361 /* binarytree.h */,
				BDB9FB0318A250000049A361 /* treenodes.h */,
				BDB9FB0418A250000049A361 /* util_vector.h */,
			);
			name = Container;
			sourceTree = "<group>";
		};
		BDB9FA8A18A1C78E0049A361 /* Data */ = {
			isa = PBXGroup;
			children = (
				BDABF2E318A2D2BB00E86A29 /* data_mappable.cpp */,
				BDABF2E418A2D2BB00E86A29 /* data_mappable.h */,
				BDABF2CF18A2CD8700E86A29 /* data_networkpack.cpp */,
				BDABF2D018A2CD8700E86A29 /* data_networkpack.h */,
				BDABF2D118A2CD8700E86A29 /* data_networkunpack.cpp */,
				BDABF2D218A2CD8700E86A29 /* data_networkunpack.h */,
				BDB9FAE418A24FDD0049A361 /* data_bits.h */,
				BDB9FAE518A24FDD0049A361 /* data_filepack.h */,
				BDB9FAE818A24FDD0049A361 /* data_mapping.h */,
				BDB9FAE918A24FDD0049A361 /* data_network_helpers.h */,
				BDB9FAEE18A24FDD0049A361 /* data_pack.cpp */,
				BDB9FAEF18A24FDD0049A361 /* data_pack.h */,
				BDB9FAF218A24FDD0049A361 /* data_types.h */,
				BDABF2DF18A2D29300E86A29 /* data_factory.cpp */,
				BDABF2E018A2D29300E86A29 /* data_factory.h */,
			);
			name = Data;
			sourceTree = "<group>";
		};
		BDB9FA8B18A1C7940049A361 /* Hashing */ = {
			isa = PBXGroup;
			children = (
			);
			name = Hashing;
			sourceTree = "<group>";
		};
		BDB9FA8C18A1C79C0049A361 /* Memory */ = {
			isa = PBXGroup;
			children = (
				BD1FACC7188BB06A001B76BE /* memory_pool.cpp */,
				BD1FACC8188BB06A001B76BE /* memory_pool.h */,
				BD1FACD7188DF2AE001B76BE /* memory_interface.h */,
				BD1FACD81890E1D1001B76BE /* memory_bucket.cpp */,
				BD1FACD91890E1D1001B76BE /* memory_bucket.h */,
			);
			name = Memory;
			sourceTree = "<group>";
		};
		BDB9FA8D18A1C7A30049A361 /* Script */ = {
			isa = PBXGroup;
			children = (
				BDB9FAA918A1C8210049A361 /* keyvalues.cpp */,
				BDB9FAAA18A1C8210049A361 /* keyvalues.h */,
				BDB9FAAB18A1C8210049A361 /* lexer.cpp */,
				BDB9FAAC18A1C8210049A361 /* lexer.h */,
			);
			name = Script;
			sourceTree = "<group>";
		};
		BDB9FA8E18A1C7AB0049A361 /* String */ = {
			isa = PBXGroup;
			children = (
				BDB9FA9D18A1C8100049A361 /* util_filepath.cpp */,
				BDB9FA9E18A1C8100049A361 /* util_filepath.h */,
				BDB9FA9F18A1C8100049A361 /* string_helpers.cpp */,
				BDB9FAA018A1C8100049A361 /* string_helpers.h */,
				BDB9FAA118A1C8100049A361 /* util_string.cpp */,
				BDB9FAA218A1C8100049A361 /* util_string.h */,
				BD1FACCF188DF0D0001B76BE /* string_pointer.h */,
				BD1FACD0188DF0D0001B76BE /* string_pool.cpp */,
				BD1FACD1188DF0D0001B76BE /* string_pool.h */,
			);
			name = String;
			sourceTree = "<group>";
		};
		BDB9FA8F18A1C7B10049A361 /* Threading */ = {
			isa = PBXGroup;
			children = (
				BDB9FA9918A1C8050049A361 /* util_thread.cpp */,
				BDB9FA9A18A1C8050049A361 /* util_thread.h */,
			);
			name = Threading;
			sourceTree = "<group>";
		};
		BDB9FA9018A1C7B70049A361 /* Time */ = {
			isa = PBXGroup;
			children = (
				BDB9FA9118A1C7F80049A361 /* util_perf_timer.h */,
				BDB9FA9218A1C7F80049A361 /* util_simple_timer.h */,
				BDB9FA9318A1C7F80049A361 /* util_time.cpp */,
				BDB9FA9418A1C7F80049A361 /* util_time.h */,
			);
			name = Time;
			sourceTree = "<group>";
		};
/* End PBXGroup section */

/* Begin PBXHeadersBuildPhase section */
		BD1FACB8188BAFAC001B76BE /* Headers */ = {
			isa = PBXHeadersBuildPhase;
			buildActionMask = 2147483647;
			files = (
				BDB9FB0618A250000049A361 /* treenodes.h in Headers */,
				BDABF2E218A2D29300E86A29 /* data_factory.h in Headers */,
				BDB9FA9C18A1C8050049A361 /* util_thread.h in Headers */,
				BDB9FB0718A250000049A361 /* util_vector.h in Headers */,
				BD1FACC4188BAFDA001B76BE /* debug.h in Headers */,
				BD1FACDB1890E1D1001B76BE /* memory_bucket.h in Headers */,
				BD33303618A39A3E0085E98A /* logging.h in Headers */,
				BDB9FA9618A1C7F80049A361 /* util_simple_timer.h in Headers */,
				BDB9FA9818A1C7F80049A361 /* util_time.h in Headers */,
				BDB9FAF818A24FDD0049A361 /* data_network_helpers.h in Headers */,
				BDB9FAA418A1C8100049A361 /* util_filepath.h in Headers */,
				BDB9FA9518A1C7F80049A361 /* util_perf_timer.h in Headers */,
				BDB9FAB018A1C8210049A361 /* lexer.h in Headers */,
				BDB9FB0118A24FDD0049A361 /* data_types.h in Headers */,
				BDB9FAA618A1C8100049A361 /* string_helpers.h in Headers */,
				BDB9FAF418A24FDD0049A361 /* data_filepack.h in Headers */,
				BDABF2D618A2CD8700E86A29 /* data_networkpack.h in Headers */,
				BD1FACD2188DF0D0001B76BE /* string_pointer.h in Headers */,
				BD14252518A1C0A400E3CFB3 /* floatwatch.h in Headers */,
				BDB9FAFE18A24FDD0049A361 /* data_pack.h in Headers */,
				BDB9FAAE18A1C8210049A361 /* keyvalues.h in Headers */,
				BDB9FB0518A250000049A361 /* binarytree.h in Headers */,
				BDB9FAF718A24FDD0049A361 /* data_mapping.h in Headers */,
				BD14252818A1C0A400E3CFB3 /* variant.h in Headers */,
				BDABF2EF18A2E14F00E86A29 /* interfaces.h in Headers */,
				BD14252618A1C0A400E3CFB3 /* util_random.h in Headers */,
				BDABF2E618A2D2BB00E86A29 /* data_mappable.h in Headers */,
				BDB9FAF318A24FDD0049A361 /* data_bits.h in Headers */,
				BDABF2D818A2CD8700E86A29 /* data_networkunpack.h in Headers */,
				BD1FACCA188BB06A001B76BE /* memory_pool.h in Headers */,
				BDB9FAA818A1C8100049A361 /* util_string.h in Headers */,
				BD1FACD4188DF0D0001B76BE /* string_pool.h in Headers */,
			);
			runOnlyForDeploymentPostprocessing = 0;
		};
/* End PBXHeadersBuildPhase section */

/* Begin PBXNativeTarget section */
		BD1FACB9188BAFAC001B76BE /* utilities */ = {
			isa = PBXNativeTarget;
			buildConfigurationList = BD1FACBE188BAFAC001B76BE /* Build configuration list for PBXNativeTarget "utilities" */;
			buildPhases = (
				BD1FACB6188BAFAC001B76BE /* Sources */,
				BD1FACB7188BAFAC001B76BE /* Frameworks */,
				BD1FACB8188BAFAC001B76BE /* Headers */,
			);
			buildRules = (
			);
			dependencies = (
			);
			name = utilities;
			productName = utilities;
			productReference = BD1FACBA188BAFAC001B76BE /* utilities.dylib */;
			productType = "com.apple.product-type.library.dynamic";
		};
/* End PBXNativeTarget section */

/* Begin PBXProject section */
		BD1FACB2188BAFAC001B76BE /* Project object */ = {
			isa = PBXProject;
			attributes = {
				LastUpgradeCheck = 0500;
				ORGANIZATIONNAME = "Ryan Sheffer";
			};
			buildConfigurationList = BD1FACB5188BAFAC001B76BE /* Build configuration list for PBXProject "utilities" */;
			compatibilityVersion = "Xcode 3.2";
			developmentRegion = English;
			hasScannedForEncodings = 0;
			knownRegions = (
				en,
			);
			mainGroup = BD1FACB1188BAFAC001B76BE;
			productRefGroup = BD1FACBB188BAFAC001B76BE /* Products */;
			projectDirPath = "";
			projectRoot = "";
			targets = (
				BD1FACB9188BAFAC001B76BE /* utilities */,
			);
		};
/* End PBXProject section */

/* Begin PBXSourcesBuildPhase section */
		BD1FACB6188BAFAC001B76BE /* Sources */ = {
			isa = PBXSourcesBuildPhase;
			buildActionMask = 2147483647;
			files = (
				BDB9FA9718A1C7F80049A361 /* util_time.cpp in Sources */,
				BDB9FAA518A1C8100049A361 /* string_helpers.cpp in Sources */,
				BDB9FAAF18A1C8210049A361 /* lexer.cpp in Sources */,
				BD33303518A39A3E0085E98A /* logging.cpp in Sources */,
				BDB9FAA718A1C8100049A361 /* util_string.cpp in Sources */,
				BDB9FA9B18A1C8050049A361 /* util_thread.cpp in Sources */,
				BDABF2EE18A2E14F00E86A29 /* interfaces.cpp in Sources */,
				BDB9FAFD18A24FDD0049A361 /* data_pack.cpp in Sources */,
				BDABF2D518A2CD8700E86A29 /* data_networkpack.cpp in Sources */,
				BDB9FAA318A1C8100049A361 /* util_filepath.cpp in Sources */,
				BD1FACDA1890E1D1001B76BE /* memory_bucket.cpp in Sources */,
				BD14252718A1C0A400E3CFB3 /* variant.cpp in Sources */,
				BDB9FB0A18A2508C0049A361 /* utilities.cpp in Sources */,
				BDABF2D718A2CD8700E86A29 /* data_networkunpack.cpp in Sources */,
				BD1FACC9188BB06A001B76BE /* memory_pool.cpp in Sources */,
				BDB9FAAD18A1C8210049A361 /* keyvalues.cpp in Sources */,
				BD1FACD3188DF0D0001B76BE /* string_pool.cpp in Sources */,
				BDABF2E118A2D29300E86A29 /* data_factory.cpp in Sources */,
				BD1FACC3188BAFDA001B76BE /* debug.cpp in Sources */,
				BDABF2E518A2D2BB00E86A29 /* data_mappable.cpp in Sources */,
			);
			runOnlyForDeploymentPostprocessing = 0;
		};
/* End PBXSourcesBuildPhase section */

/* Begin XCBuildConfiguration section */
		BD1FACBC188BAFAC001B76BE /* Debug */ = {
			isa = XCBuildConfiguration;
			buildSettings = {
				ALWAYS_SEARCH_USER_PATHS = NO;
				CLANG_CXX_LANGUAGE_STANDARD = "gnu++0x";
				CLANG_CXX_LIBRARY = "libc++";
				CLANG_ENABLE_OBJC_ARC = YES;
				CLANG_WARN_BOOL_CONVERSION = YES;
				CLANG_WARN_CONSTANT_CONVERSION = YES;
				CLANG_WARN_DIRECT_OBJC_ISA_USAGE = YES_ERROR;
				CLANG_WARN_EMPTY_BODY = YES;
				CLANG_WARN_ENUM_CONVERSION = YES;
				CLANG_WARN_INT_CONVERSION = YES;
				CLANG_WARN_OBJC_ROOT_CLASS = YES_ERROR;
				CLANG_WARN__DUPLICATE_METHOD_MATCH = YES;
				COPY_PHASE_STRIP = NO;
				GCC_C_LANGUAGE_STANDARD = gnu99;
				GCC_DYNAMIC_NO_PIC = NO;
				GCC_ENABLE_OBJC_EXCEPTIONS = YES;
				GCC_OPTIMIZATION_LEVEL = 0;
				GCC_PREPROCESSOR_DEFINITIONS = (
					"DEBUG=1",
					"$(inherited)",
				);
				GCC_SYMBOLS_PRIVATE_EXTERN = NO;
				GCC_WARN_64_TO_32_BIT_CONVERSION = YES;
				GCC_WARN_ABOUT_RETURN_TYPE = YES_ERROR;
				GCC_WARN_UNDECLARED_SELECTOR = YES;
				GCC_WARN_UNINITIALIZED_AUTOS = YES;
				GCC_WARN_UNUSED_FUNCTION = YES;
				GCC_WARN_UNUSED_VARIABLE = YES;
				MACOSX_DEPLOYMENT_TARGET = 10.9;
				ONLY_ACTIVE_ARCH = YES;
				SDKROOT = macosx;
			};
			name = Debug;
		};
		BD1FACBD188BAFAC001B76BE /* Release */ = {
			isa = XCBuildConfiguration;
			buildSettings = {
				ALWAYS_SEARCH_USER_PATHS = NO;
				CLANG_CXX_LANGUAGE_STANDARD = "gnu++0x";
				CLANG_CXX_LIBRARY = "libc++";
				CLANG_ENABLE_OBJC_ARC = YES;
				CLANG_WARN_BOOL_CONVERSION = YES;
				CLANG_WARN_CONSTANT_CONVERSION = YES;
				CLANG_WARN_DIRECT_OBJC_ISA_USAGE = YES_ERROR;
				CLANG_WARN_EMPTY_BODY = YES;
				CLANG_WARN_ENUM_CONVERSION = YES;
				CLANG_WARN_INT_CONVERSION = YES;
				CLANG_WARN_OBJC_ROOT_CLASS = YES_ERROR;
				CLANG_WARN__DUPLICATE_METHOD_MATCH = YES;
				COPY_PHASE_STRIP = YES;
				DEBUG_INFORMATION_FORMAT = "dwarf-with-dsym";
				ENABLE_NS_ASSERTIONS = NO;
				GCC_C_LANGUAGE_STANDARD = gnu99;
				GCC_ENABLE_OBJC_EXCEPTIONS = YES;
				GCC_WARN_64_TO_32_BIT_CONVERSION = YES;
				GCC_WARN_ABOUT_RETURN_TYPE = YES_ERROR;
				GCC_WARN_UNDECLARED_SELECTOR = YES;
				GCC_WARN_UNINITIALIZED_AUTOS = YES;
				GCC_WARN_UNUSED_FUNCTION = YES;
				GCC_WARN_UNUSED_VARIABLE = YES;
				MACOSX_DEPLOYMENT_TARGET = 10.9;
				SDKROOT = macosx;
			};
			name = Release;
		};
		BD1FACBF188BAFAC001B76BE /* Debug */ = {
			isa = XCBuildConfiguration;
			buildSettings = {
				CONFIGURATION_BUILD_DIR = ../bin;
				EXECUTABLE_PREFIX = "";
				GCC_PRECOMPILE_PREFIX_HEADER = YES;
				GCC_PREFIX_HEADER = ../common/allhead.pch;
				GCC_PREPROCESSOR_DEFINITIONS = (
					_DEBUG,
					_MAC,
					_64BIT,
				);
				HEADER_SEARCH_PATHS = (
					"$(PROJECT_DIR)/**",
					../common,
					../platform,
				);
				LIBRARY_SEARCH_PATHS = ../bin;
				PRODUCT_NAME = "$(TARGET_NAME)";
			};
			name = Debug;
		};
		BD1FACC0188BAFAC001B76BE /* Release */ = {
			isa = XCBuildConfiguration;
			buildSettings = {
				CONFIGURATION_BUILD_DIR = ../bin;
				EXECUTABLE_PREFIX = "";
				GCC_PRECOMPILE_PREFIX_HEADER = YES;
				GCC_PREFIX_HEADER = ../common/allhead.pch;
				GCC_PREPROCESSOR_DEFINITIONS = (
					_MAC,
					_64BIT,
				);
				HEADER_SEARCH_PATHS = (
					"$(PROJECT_DIR)/**",
					../common,
					../platform,
				);
				LIBRARY_SEARCH_PATHS = ../bin;
				PRODUCT_NAME = "$(TARGET_NAME)";
			};
			name = Release;
		};
/* End XCBuildConfiguration section */

/* Begin XCConfigurationList section */
		BD1FACB5188BAFAC001B76BE /* Build configuration list for PBXProject "utilities" */ = {
			isa = XCConfigurationList;
			buildConfigurations = (
				BD1FACBC188BAFAC001B76BE /* Debug */,
				BD1FACBD188BAFAC001B76BE /* Release */,
			);
			defaultConfigurationIsVisible = 0;
			defaultConfigurationName = Release;
		};
		BD1FACBE188BAFAC001B76BE /* Build configuration list for PBXNativeTarget "utilities" */ = {
			isa = XCConfigurationList;
			buildConfigurations = (
				BD1FACBF188BAFAC001B76BE /* Debug */,
				BD1FACC0188BAFAC001B76BE /* Release */,
			);
			defaultConfigurationIsVisible = 0;
			defaultConfigurationName = Release;
		};
/* End XCConfigurationList section */
	};
	rootObject = BD1FACB2188BAFAC001B76BE /* Project object */;
}
