<?xml version="1.0" encoding="utf-8"?>
<Project ToolsVersion="4.0" xmlns="http://schemas.microsoft.com/developer/msbuild/2003">
  <ItemGroup>
    <Filter Include="Source Files">
      <UniqueIdentifier>{4FC737F1-C7A5-4376-A066-2A32D752A2FF}</UniqueIdentifier>
      <Extensions>cpp;c;cc;cxx;def;odl;idl;hpj;bat;asm;asmx</Extensions>
    </Filter>
    <Filter Include="Resource Files">
      <UniqueIdentifier>{67DA6AB6-F800-4c08-8B7A-83BB121AAD01}</UniqueIdentifier>
      <Extensions>rc;ico;cur;bmp;dlg;rc2;rct;bin;rgs;gif;jpg;jpeg;jpe;resx;tiff;tif;png;wav;mfcribbon-ms</Extensions>
    </Filter>
    <Filter Include="Source Files\common">
      <UniqueIdentifier>{38937400-ac36-4392-9d73-bc42d16150c4}</UniqueIdentifier>
    </Filter>
    <Filter Include="Source Files\container">
      <UniqueIdentifier>{bcb3d1b1-9ce6-4476-b0bf-5e68f9fd1aee}</UniqueIdentifier>
    </Filter>
    <Filter Include="Source Files\data">
      <UniqueIdentifier>{7c842ee9-ac6b-4b38-a40e-b697b5290050}</UniqueIdentifier>
    </Filter>
    <Filter Include="Source Files\interfaces">
      <UniqueIdentifier>{06c7c535-883d-4142-9d09-64ee93a8d55d}</UniqueIdentifier>
    </Filter>
    <Filter Include="Source Files\memory">
      <UniqueIdentifier>{57a10515-c02b-499d-985b-316739ff7739}</UniqueIdentifier>
    </Filter>
    <Filter Include="Source Files\script">
      <UniqueIdentifier>{cd014ef9-236b-4f33-9630-46e5769a31b1}</UniqueIdentifier>
    </Filter>
    <Filter Include="Source Files\string">
      <UniqueIdentifier>{38a1d500-49d4-492f-97ef-1b0729a177f1}</UniqueIdentifier>
    </Filter>
    <Filter Include="Source Files\threading">
      <UniqueIdentifier>{c98e9e39-9da9-4f8c-89f7-f1a19641dd78}</UniqueIdentifier>
    </Filter>
    <Filter Include="Source Files\time">
      <UniqueIdentifier>{b0777810-4676-4b25-a226-e93de90325c7}</UniqueIdentifier>
    </Filter>
    <Filter Include="Source Files\hashing">
      <UniqueIdentifier>{5b967705-2478-4d26-b7b1-281a7cd9b69c}</UniqueIdentifier>
    </Filter>
  </ItemGroup>
  <ItemGroup>
    <ClCompile Include="logging.cpp">
      <Filter>Source Files</Filter>
    </ClCompile>
    <ClCompile Include="utilities.cpp">
      <Filter>Source Files</Filter>
    </ClCompile>
    <ClCompile Include="..\common\allhead.cpp">
      <Filter>Source Files</Filter>
    </ClCompile>
    <ClCompile Include="interfaces\interfaces.cpp">
      <Filter>Source Files\interfaces</Filter>
    </ClCompile>
    <ClCompile Include="string\string_helpers.cpp">
      <Filter>Source Files\string</Filter>
    </ClCompile>
    <ClCompile Include="string\string_pool.cpp">
      <Filter>Source Files\string</Filter>
    </ClCompile>
    <ClCompile Include="string\util_filepath.cpp">
      <Filter>Source Files\string</Filter>
    </ClCompile>
    <ClCompile Include="string\util_string.cpp">
      <Filter>Source Files\string</Filter>
    </ClCompile>
    <ClCompile Include="time\util_time.cpp">
      <Filter>Source Files\time</Filter>
    </ClCompile>
    <ClCompile Include="threading\util_thread.cpp">
      <Filter>Source Files\threading</Filter>
    </ClCompile>
    <ClCompile Include="script\keyvalues.cpp">
      <Filter>Source Files\script</Filter>
    </ClCompile>
    <ClCompile Include="script\lexer.cpp">
      <Filter>Source Files\script</Filter>
    </ClCompile>
    <ClCompile Include="memory\memory_bucket.cpp">
      <Filter>Source Files\memory</Filter>
    </ClCompile>
    <ClCompile Include="memory\memory_pool.cpp">
      <Filter>Source Files\memory</Filter>
    </ClCompile>
    <ClCompile Include="data\data_factory.cpp">
      <Filter>Source Files\data</Filter>
    </ClCompile>
    <ClCompile Include="data\data_mappable.cpp">
      <Filter>Source Files\data</Filter>
    </ClCompile>
    <ClCompile Include="data\data_networkpack.cpp">
      <Filter>Source Files\data</Filter>
    </ClCompile>
    <ClCompile Include="data\data_networkunpack.cpp">
      <Filter>Source Files\data</Filter>
    </ClCompile>
    <ClCompile Include="data\data_pack.cpp">
      <Filter>Source Files\data</Filter>
    </ClCompile>
    <ClCompile Include="common\variant.cpp">
      <Filter>Source Files\common</Filter>
    </ClCompile>
    <ClCompile Include="hashing\Bitslice.cpp">
      <Filter>Source Files\hashing</Filter>
    </ClCompile>
    <ClCompile Include="hashing\Bitvec.cpp">
      <Filter>Source Files\hashing</Filter>
    </ClCompile>
    <ClCompile Include="hashing\crc.cpp">
      <Filter>Source Files\hashing</Filter>
    </ClCompile>
    <ClCompile Include="hashing\lookup3.cpp">
      <Filter>Source Files\hashing</Filter>
    </ClCompile>
    <ClCompile Include="hashing\md5.cpp">
      <Filter>Source Files\hashing</Filter>
    </ClCompile>
    <ClCompile Include="hashing\MurmurHash1.cpp">
      <Filter>Source Files\hashing</Filter>
    </ClCompile>
    <ClCompile Include="hashing\MurmurHash2.cpp">
      <Filter>Source Files\hashing</Filter>
    </ClCompile>
    <ClCompile Include="hashing\MurmurHash3.cpp">
      <Filter>Source Files\hashing</Filter>
    </ClCompile>
    <ClCompile Include="hashing\Platform.cpp">
      <Filter>Source Files\hashing</Filter>
    </ClCompile>
    <ClCompile Include="hashing\PMurHash.cpp">
      <Filter>Source Files\hashing</Filter>
    </ClCompile>
    <ClCompile Include="hashing\Random.cpp">
      <Filter>Source Files\hashing</Filter>
    </ClCompile>
    <ClCompile Include="hashing\sha1.cpp">
      <Filter>Source Files\hashing</Filter>
    </ClCompile>
    <ClCompile Include="hashing\Spooky.cpp">
      <Filter>Source Files\hashing</Filter>
    </ClCompile>
    <ClCompile Include="hashing\SuperFastHash.cpp">
      <Filter>Source Files\hashing</Filter>
    </ClCompile>
    <ClCompile Include="hashing\Types.cpp">
      <Filter>Source Files\hashing</Filter>
    </ClCompile>
    <ClCompile Include="common\debug.cpp">
      <Filter>Source Files\common</Filter>
    </ClCompile>
  </ItemGroup>
  <ItemGroup>
    <ClInclude Include="logging.h">
      <Filter>Source Files</Filter>
    </ClInclude>
    <ClInclude Include="interfaces\interfaces.h">
      <Filter>Source Files\interfaces</Filter>
    </ClInclude>
    <ClInclude Include="string\string_helpers.h">
      <Filter>Source Files\string</Filter>
    </ClInclude>
    <ClInclude Include="string\string_pointer.h">
      <Filter>Source Files\string</Filter>
    </ClInclude>
    <ClInclude Include="string\string_pool.h">
      <Filter>Source Files\string</Filter>
    </ClInclude>
    <ClInclude Include="string\util_filepath.h">
      <Filter>Source Files\string</Filter>
    </ClInclude>
    <ClInclude Include="string\util_string.h">
      <Filter>Source Files\string</Filter>
    </ClInclude>
    <ClInclude Include="time\util_perf_timer.h">
      <Filter>Source Files\time</Filter>
    </ClInclude>
    <ClInclude Include="time\util_simple_timer.h">
      <Filter>Source Files\time</Filter>
    </ClInclude>
    <ClInclude Include="time\util_time.h">
      <Filter>Source Files\time</Filter>
    </ClInclude>
    <ClInclude Include="threading\util_thread.h">
      <Filter>Source Files\threading</Filter>
    </ClInclude>
    <ClInclude Include="script\keyvalues.h">
      <Filter>Source Files\script</Filter>
    </ClInclude>
    <ClInclude Include="script\lexer.h">
      <Filter>Source Files\script</Filter>
    </ClInclude>
    <ClInclude Include="memory\memory_bucket.h">
      <Filter>Source Files\memory</Filter>
    </ClInclude>
    <ClInclude Include="memory\memory_interface.h">
      <Filter>Source Files\memory</Filter>
    </ClInclude>
    <ClInclude Include="memory\memory_pool.h">
      <Filter>Source Files\memory</Filter>
    </ClInclude>
    <ClInclude Include="data\data_bits.h">
      <Filter>Source Files\data</Filter>
    </ClInclude>
    <ClInclude Include="data\data_factory.h">
      <Filter>Source Files\data</Filter>
    </ClInclude>
    <ClInclude Include="data\data_filepack.h">
      <Filter>Source Files\data</Filter>
    </ClInclude>
    <ClInclude Include="data\data_mappable.h">
      <Filter>Source Files\data</Filter>
    </ClInclude>
    <ClInclude Include="data\data_mapping.h">
      <Filter>Source Files\data</Filter>
    </ClInclude>
    <ClInclude Include="data\data_network_helpers.h">
      <Filter>Source Files\data</Filter>
    </ClInclude>
    <ClInclude Include="data\data_networkpack.h">
      <Filter>Source Files\data</Filter>
    </ClInclude>
    <ClInclude Include="data\data_networkunpack.h">
      <Filter>Source Files\data</Filter>
    </ClInclude>
    <ClInclude Include="data\data_pack.h">
      <Filter>Source Files\data</Filter>
    </ClInclude>
    <ClInclude Include="data\data_types.h">
      <Filter>Source Files\data</Filter>
    </ClInclude>
    <ClInclude Include="container\binarytree.h">
      <Filter>Source Files\container</Filter>
    </ClInclude>
    <ClInclude Include="container\treenodes.h">
      <Filter>Source Files\container</Filter>
    </ClInclude>
    <ClInclude Include="container\util_vector.h">
      <Filter>Source Files\container</Filter>
    </ClInclude>
    <ClInclude Include="common\debug.h">
      <Filter>Source Files\common</Filter>
    </ClInclude>
    <ClInclude Include="common\util_random.h">
      <Filter>Source Files\common</Filter>
    </ClInclude>
    <ClInclude Include="common\variant.h">
      <Filter>Source Files\common</Filter>
    </ClInclude>
    <ClInclude Include="gstdlib\gstdlib.h">
      <Filter>Source Files</Filter>
    </ClInclude>
    <ClInclude Include="utilities.h">
      <Filter>Source Files</Filter>
    </ClInclude>
    <ClInclude Include="hashing\Bitvec.h">
      <Filter>Source Files\hashing</Filter>
    </ClInclude>
    <ClInclude Include="hashing\MurmurHash1.h">
      <Filter>Source Files\hashing</Filter>
    </ClInclude>
    <ClInclude Include="hashing\MurmurHash2.h">
      <Filter>Source Files\hashing</Filter>
    </ClInclude>
    <ClInclude Include="hashing\MurmurHash3.h">
      <Filter>Source Files\hashing</Filter>
    </ClInclude>
    <ClInclude Include="hashing\Platform.h">
      <Filter>Source Files\hashing</Filter>
    </ClInclude>
    <ClInclude Include="hashing\PMurHash.h">
      <Filter>Source Files\hashing</Filter>
    </ClInclude>
    <ClInclude Include="hashing\pstdint.h">
      <Filter>Source Files\hashing</Filter>
    </ClInclude>
    <ClInclude Include="hashing\Random.h">
      <Filter>Source Files\hashing</Filter>
    </ClInclude>
    <ClInclude Include="hashing\sha1.h">
      <Filter>Source Files\hashing</Filter>
    </ClInclude>
    <ClInclude Include="hashing\Spooky.h">
      <Filter>Source Files\hashing</Filter>
    </ClInclude>
    <ClInclude Include="hashing\Types.h">
      <Filter>Source Files\hashing</Filter>
    </ClInclude>
  </ItemGroup>
</Project>