// !$*UTF8*$!
{
	archiveVersion = 1;
	classes = {
	};
	objectVersion = 46;
	objects = {

/* Begin PBXBuildFile section */
		BD31F30D18A4B70A0083E283 /* OpenGL.framework in Frameworks */ = {isa = PBXBuildFile; fileRef = BD31F30C18A4B70A0083E283 /* OpenGL.framework */; };
		BDABF31018A3599A00E86A29 /* utilities.dylib in Frameworks */ = {isa = PBXBuildFile; fileRef = BDABF30F18A3599A00E86A29 /* utilities.dylib */; };
		BDABF31418A359E400E86A29 /* clienthead.h in Headers */ = {isa = PBXBuildFile; fileRef = BDABF31318A359E400E86A29 /* clienthead.h */; };
		BDABF31618A359EF00E86A29 /* IClient.h in Headers */ = {isa = PBXBuildFile; fileRef = BDABF31518A359EF00E86A29 /* IClient.h */; };
		BDABF31918A359FE00E86A29 /* CClient.cpp in Sources */ = {isa = PBXBuildFile; fileRef = BDABF31718A359FE00E86A29 /* CClient.cpp */; };
		BDABF31A18A359FE00E86A29 /* CClient.h in Headers */ = {isa = PBXBuildFile; fileRef = BDABF31818A359FE00E86A29 /* CClient.h */; };
		BDABF31E18A35C2700E86A29 /* ent_base.cpp in Sources */ = {isa = PBXBuildFile; fileRef = BDABF31B18A35C2700E86A29 /* ent_base.cpp */; };
		BDABF31F18A35C2700E86A29 /* ent_base.h in Headers */ = {isa = PBXBuildFile; fileRef = BDABF31C18A35C2700E86A29 /* ent_base.h */; };
		BDABF32018A35C2700E86A29 /* entity_dictionary.h in Headers */ = {isa = PBXBuildFile; fileRef = BDABF31D18A35C2700E86A29 /* entity_dictionary.h */; };
/* End PBXBuildFile section */

/* Begin PBXFileReference section */
		BD31F30C18A4B70A0083E283 /* OpenGL.framework */ = {isa = PBXFileReference; lastKnownFileType = wrapper.framework; name = OpenGL.framework; path = System/Library/Frameworks/OpenGL.framework; sourceTree = SDKROOT; };
		BDABF30818A3596000E86A29 /* client.dylib */ = {isa = PBXFileReference; explicitFileType = "compiled.mach-o.dylib"; includeInIndex = 0; path = client.dylib; sourceTree = BUILT_PRODUCTS_DIR; };
		BDABF30F18A3599A00E86A29 /* utilities.dylib */ = {isa = PBXFileReference; lastKnownFileType = "compiled.mach-o.dylib"; name = utilities.dylib; path = /Users/ryansmac/Documents/project/GenesisProject/utilities/../bin/utilities.dylib; sourceTree = "<absolute>"; };
		BDABF31318A359E400E86A29 /* clienthead.h */ = {isa = PBXFileReference; fileEncoding = 4; lastKnownFileType = sourcecode.c.h; path = clienthead.h; sourceTree = "<group>"; };
		BDABF31518A359EF00E86A29 /* IClient.h */ = {isa = PBXFileReference; fileEncoding = 4; lastKnownFileType = sourcecode.c.h; name = IClient.h; path = public/IClient.h; sourceTree = "<group>"; };
		BDABF31718A359FE00E86A29 /* CClient.cpp */ = {isa = PBXFileReference; fileEncoding = 4; lastKnownFileType = sourcecode.cpp.cpp; name = CClient.cpp; path = source/CClient.cpp; sourceTree = "<group>"; };
		BDABF31818A359FE00E86A29 /* CClient.h */ = {isa = PBXFileReference; fileEncoding = 4; lastKnownFileType = sourcecode.c.h; name = CClient.h; path = source/CClient.h; sourceTree = "<group>"; };
		BDABF31B18A35C2700E86A29 /* ent_base.cpp */ = {isa = PBXFileReference; fileEncoding = 4; lastKnownFileType = sourcecode.cpp.cpp; name = ent_base.cpp; path = ../shared/ent_base.cpp; sourceTree = "<group>"; };
		BDABF31C18A35C2700E86A29 /* ent_base.h */ = {isa = PBXFileReference; fileEncoding = 4; lastKnownFileType = sourcecode.c.h; name = ent_base.h; path = ../shared/ent_base.h; sourceTree = "<group>"; };
		BDABF31D18A35C2700E86A29 /* entity_dictionary.h */ = {isa = PBXFileReference; fileEncoding = 4; lastKnownFileType = sourcecode.c.h; name = entity_dictionary.h; path = ../shared/entity_dictionary.h; sourceTree = "<group>"; };
/* End PBXFileReference section */

/* Begin PBXFrameworksBuildPhase section */
		BDABF30518A3596000E86A29 /* Frameworks */ = {
			isa = PBXFrameworksBuildPhase;
			buildActionMask = 2147483647;
			files = (
				BD31F30D18A4B70A0083E283 /* OpenGL.framework in Frameworks */,
				BDABF31018A3599A00E86A29 /* utilities.dylib in Frameworks */,
			);
			runOnlyForDeploymentPostprocessing = 0;
		};
/* End PBXFrameworksBuildPhase section */

/* Begin PBXGroup section */
		BDABF2FF18A3596000E86A29 = {
			isa = PBXGroup;
			children = (
				BDABF31218A359D200E86A29 /* Source */,
				BDABF31118A359C500E86A29 /* Frameworks */,
				BDABF30918A3596000E86A29 /* Products */,
			);
			sourceTree = "<group>";
		};
		BDABF30918A3596000E86A29 /* Products */ = {
			isa = PBXGroup;
			children = (
				BDABF30818A3596000E86A29 /* client.dylib */,
			);
			name = Products;
			sourceTree = "<group>";
		};
		BDABF31118A359C500E86A29 /* Frameworks */ = {
			isa = PBXGroup;
			children = (
				BD31F30C18A4B70A0083E283 /* OpenGL.framework */,
				BDABF30F18A3599A00E86A29 /* utilities.dylib */,
			);
			name = Frameworks;
			sourceTree = "<group>";
		};
		BDABF31218A359D200E86A29 /* Source */ = {
			isa = PBXGroup;
			children = (
				BDABF31B18A35C2700E86A29 /* ent_base.cpp */,
				BDABF31C18A35C2700E86A29 /* ent_base.h */,
				BDABF31D18A35C2700E86A29 /* entity_dictionary.h */,
				BDABF31718A359FE00E86A29 /* CClient.cpp */,
				BDABF31818A359FE00E86A29 /* CClient.h */,
				BDABF31518A359EF00E86A29 /* IClient.h */,
				BDABF31318A359E400E86A29 /* clienthead.h */,
			);
			name = Source;
			sourceTree = "<group>";
		};
/* End PBXGroup section */

/* Begin PBXHeadersBuildPhase section */
		BDABF30618A3596000E86A29 /* Headers */ = {
			isa = PBXHeadersBuildPhase;
			buildActionMask = 2147483647;
			files = (
				BDABF31A18A359FE00E86A29 /* CClient.h in Headers */,
				BDABF32018A35C2700E86A29 /* entity_dictionary.h in Headers */,
				BDABF31F18A35C2700E86A29 /* ent_base.h in Headers */,
				BDABF31418A359E400E86A29 /* clienthead.h in Headers */,
				BDABF31618A359EF00E86A29 /* IClient.h in Headers */,
			);
			runOnlyForDeploymentPostprocessing = 0;
		};
/* End PBXHeadersBuildPhase section */

/* Begin PBXNativeTarget section */
		BDABF30718A3596000E86A29 /* client */ = {
			isa = PBXNativeTarget;
			buildConfigurationList = BDABF30C18A3596000E86A29 /* Build configuration list for PBXNativeTarget "client" */;
			buildPhases = (
				BDABF30418A3596000E86A29 /* Sources */,
				BDABF30518A3596000E86A29 /* Frameworks */,
				BDABF30618A3596000E86A29 /* Headers */,
			);
			buildRules = (
			);
			dependencies = (
			);
			name = client;
			productName = client;
			productReference = BDABF30818A3596000E86A29 /* client.dylib */;
			productType = "com.apple.product-type.library.dynamic";
		};
/* End PBXNativeTarget section */

/* Begin PBXProject section */
		BDABF30018A3596000E86A29 /* Project object */ = {
			isa = PBXProject;
			attributes = {
				LastUpgradeCheck = 0500;
				ORGANIZATIONNAME = "Ryan Sheffer";
			};
			buildConfigurationList = BDABF30318A3596000E86A29 /* Build configuration list for PBXProject "client" */;
			compatibilityVersion = "Xcode 3.2";
			developmentRegion = English;
			hasScannedForEncodings = 0;
			knownRegions = (
				en,
			);
			mainGroup = BDABF2FF18A3596000E86A29;
			productRefGroup = BDABF30918A3596000E86A29 /* Products */;
			projectDirPath = "";
			projectRoot = "";
			targets = (
				BDABF30718A3596000E86A29 /* client */,
			);
		};
/* End PBXProject section */

/* Begin PBXSourcesBuildPhase section */
		BDABF30418A3596000E86A29 /* Sources */ = {
			isa = PBXSourcesBuildPhase;
			buildActionMask = 2147483647;
			files = (
				BDABF31E18A35C2700E86A29 /* ent_base.cpp in Sources */,
				BDABF31918A359FE00E86A29 /* CClient.cpp in Sources */,
			);
			runOnlyForDeploymentPostprocessing = 0;
		};
/* End PBXSourcesBuildPhase section */

/* Begin XCBuildConfiguration section */
		BDABF30A18A3596000E86A29 /* Debug */ = {
			isa = XCBuildConfiguration;
			buildSettings = {
				ALWAYS_SEARCH_USER_PATHS = NO;
				CLANG_CXX_LANGUAGE_STANDARD = "gnu++0x";
				CLANG_CXX_LIBRARY = "libc++";
				CLANG_ENABLE_OBJC_ARC = YES;
				CLANG_WARN_BOOL_CONVERSION = YES;
				CLANG_WARN_CONSTANT_CONVERSION = YES;
				CLANG_WARN_DIRECT_OBJC_ISA_USAGE = YES_ERROR;
				CLANG_WARN_EMPTY_BODY = YES;
				CLANG_WARN_ENUM_CONVERSION = YES;
				CLANG_WARN_INT_CONVERSION = YES;
				CLANG_WARN_OBJC_ROOT_CLASS = YES_ERROR;
				CLANG_WARN__DUPLICATE_METHOD_MATCH = YES;
				COPY_PHASE_STRIP = NO;
				GCC_C_LANGUAGE_STANDARD = gnu99;
				GCC_DYNAMIC_NO_PIC = NO;
				GCC_ENABLE_OBJC_EXCEPTIONS = YES;
				GCC_OPTIMIZATION_LEVEL = 0;
				GCC_PREPROCESSOR_DEFINITIONS = (
					"DEBUG=1",
					"$(inherited)",
				);
				GCC_SYMBOLS_PRIVATE_EXTERN = NO;
				GCC_WARN_64_TO_32_BIT_CONVERSION = YES;
				GCC_WARN_ABOUT_RETURN_TYPE = YES_ERROR;
				GCC_WARN_UNDECLARED_SELECTOR = YES;
				GCC_WARN_UNINITIALIZED_AUTOS = YES;
				GCC_WARN_UNUSED_FUNCTION = YES;
				GCC_WARN_UNUSED_VARIABLE = YES;
				MACOSX_DEPLOYMENT_TARGET = 10.9;
				ONLY_ACTIVE_ARCH = YES;
				SDKROOT = macosx;
			};
			name = Debug;
		};
		BDABF30B18A3596000E86A29 /* Release */ = {
			isa = XCBuildConfiguration;
			buildSettings = {
				ALWAYS_SEARCH_USER_PATHS = NO;
				CLANG_CXX_LANGUAGE_STANDARD = "gnu++0x";
				CLANG_CXX_LIBRARY = "libc++";
				CLANG_ENABLE_OBJC_ARC = YES;
				CLANG_WARN_BOOL_CONVERSION = YES;
				CLANG_WARN_CONSTANT_CONVERSION = YES;
				CLANG_WARN_DIRECT_OBJC_ISA_USAGE = YES_ERROR;
				CLANG_WARN_EMPTY_BODY = YES;
				CLANG_WARN_ENUM_CONVERSION = YES;
				CLANG_WARN_INT_CONVERSION = YES;
				CLANG_WARN_OBJC_ROOT_CLASS = YES_ERROR;
				CLANG_WARN__DUPLICATE_METHOD_MATCH = YES;
				COPY_PHASE_STRIP = YES;
				DEBUG_INFORMATION_FORMAT = "dwarf-with-dsym";
				ENABLE_NS_ASSERTIONS = NO;
				GCC_C_LANGUAGE_STANDARD = gnu99;
				GCC_ENABLE_OBJC_EXCEPTIONS = YES;
				GCC_WARN_64_TO_32_BIT_CONVERSION = YES;
				GCC_WARN_ABOUT_RETURN_TYPE = YES_ERROR;
				GCC_WARN_UNDECLARED_SELECTOR = YES;
				GCC_WARN_UNINITIALIZED_AUTOS = YES;
				GCC_WARN_UNUSED_FUNCTION = YES;
				GCC_WARN_UNUSED_VARIABLE = YES;
				MACOSX_DEPLOYMENT_TARGET = 10.9;
				SDKROOT = macosx;
			};
			name = Release;
		};
		BDABF30D18A3596000E86A29 /* Debug */ = {
			isa = XCBuildConfiguration;
			buildSettings = {
				CONFIGURATION_BUILD_DIR = ../../bin;
				EXECUTABLE_PREFIX = "";
				GCC_PRECOMPILE_PREFIX_HEADER = YES;
				GCC_PREFIX_HEADER = clienthead.h;
				GCC_PREPROCESSOR_DEFINITIONS = (
					_DEBUG,
					_MAC,
					_64BIT,
					_CLIENT,
				);
				HEADER_SEARCH_PATHS = (
					"$(PROJECT_DIR)/**",
					"../../utilities/**",
					../../math,
					../../common,
				);
				LIBRARY_SEARCH_PATHS = "";
				PRODUCT_NAME = "$(TARGET_NAME)";
			};
			name = Debug;
		};
		BDABF30E18A3596000E86A29 /* Release */ = {
			isa = XCBuildConfiguration;
			buildSettings = {
				CONFIGURATION_BUILD_DIR = ../../bin;
				EXECUTABLE_PREFIX = "";
				GCC_PRECOMPILE_PREFIX_HEADER = YES;
				GCC_PREFIX_HEADER = clienthead.h;
				GCC_PREPROCESSOR_DEFINITIONS = (
					_MAC,
					_64BIT,
					_CLIENT,
				);
				HEADER_SEARCH_PATHS = (
					"$(PROJECT_DIR)/**",
					"../../utilities/**",
					../../math,
					../../common,
				);
				LIBRARY_SEARCH_PATHS = "";
				PRODUCT_NAME = "$(TARGET_NAME)";
			};
			name = Release;
		};
/* End XCBuildConfiguration section */

/* Begin XCConfigurationList section */
		BDABF30318A3596000E86A29 /* Build configuration list for PBXProject "client" */ = {
			isa = XCConfigurationList;
			buildConfigurations = (
				BDABF30A18A3596000E86A29 /* Debug */,
				BDABF30B18A3596000E86A29 /* Release */,
			);
			defaultConfigurationIsVisible = 0;
			defaultConfigurationName = Release;
		};
		BDABF30C18A3596000E86A29 /* Build configuration list for PBXNativeTarget "client" */ = {
			isa = XCConfigurationList;
			buildConfigurations = (
				BDABF30D18A3596000E86A29 /* Debug */,
				BDABF30E18A3596000E86A29 /* Release */,
			);
			defaultConfigurationIsVisible = 0;
			defaultConfigurationName = Release;
		};
/* End XCConfigurationList section */
	};
	rootObject = BDABF30018A3596000E86A29 /* Project object */;
}
